{
  "version": "5",
  "specifiers": {
    "npm:isarray@1.0.0": "1.0.0"
  },
  "npm": {
    "isarray@1.0.0": {
      "integrity": "sha512-VLghIWNM6ELQzo7zwmcg0NmTVyWKYjvIeM83yjp0wRDTmUnrM678fQbcKBo6n2CJEF0szoG//ytg+TKla89ALQ=="
    }
  },
  "workspace": {
    "packageJson": {
      "dependencies": [
        "npm:isarray@1.0.0"
      ]
    }
  }
}
