{
  "lockfileVersion": 1,
  "configVersion": 1,
  "workspaces": {
    "": {
      "name": "bun-workspace-test",
    },
    "packages/pkg-a": {
      "name": "@workspace/pkg-a",
      "version": "1.0.0",
    },
  },
  "packages": {
    "@workspace/pkg-a": ["@workspace/pkg-a@workspace:packages/pkg-a"],
  }
}
