# This file is generated by running "yarn install" inside your project.
# Manual changes might be lost - proceed with caution!

__metadata:
  version: 8
  cacheKey: 10c0

"isarray@npm:1.0.0":
  version: 1.0.0
  resolution: "isarray@npm:1.0.0"
  checksum: 18b5be6669be53425f0b84098732670ed4e727e3af33bc7f948aac01782110eb9a18b3b329c5323bcdd3acdaae547ee077d3951317e7f133bff7105264b3003d
  languageName: node
  linkType: hard

"node-yarn-test@workspace:.":
  version: 0.0.0-use.local
  resolution: "node-yarn-test@workspace:."
  dependencies:
    isarray: "npm:1.0.0"
  languageName: unknown
  linkType: soft
